{
    "name": "onion-lasers-internal-playground",
    "version": "1.0.0",
    "lockfileVersion": 2,
    "requires": true,
    "packages": {
        "": {
            "name": "onion-lasers-internal-playground",
            "version": "1.0.0",
            "dependencies": {
                "dotenv": "^8.2.0",
                "onion-lasers": "file://../"
            },
            "devDependencies": {
                "tsc-watch": "^4.2.9"
            }
        },
        "..": {
            "name": "onion-lasers",
            "version": "1.0.0",
            "license": "MIT",
            "dependencies": {
                "discord.js": "^12.5.3",
                "glob": "^7.1.6"
            },
            "devDependencies": {
                "@types/glob": "^7.1.3",
                "@types/mocha": "^8.0.3",
                "@types/node": "^14.6.4",
                "@types/ws": "^7.2.6",
                "husky": "^6.0.0",
                "mocha": "^8.1.3",
                "prettier": "^2.2.1",
                "ts-node": "^9.0.0",
                "typescript": "^4.0.2"
            }
        },
        "node_modules/ansi-regex": {
            "version": "5.0.0",
            "resolved": "https://registry.npmjs.org/ansi-regex/-/ansi-regex-5.0.0.tgz",
            "integrity": "sha512-bY6fj56OUQ0hU1KjFNDQuJFezqKdrAyFdIevADiqrWHwSlbmBNMHp5ak2f40Pm8JTFyM2mqxkG6ngkHO11f/lg==",
            "dev": true,
            "engines": {
                "node": ">=8"
            }
        },
        "node_modules/cross-spawn": {
            "version": "7.0.3",
            "resolved": "https://registry.npmjs.org/cross-spawn/-/cross-spawn-7.0.3.tgz",
            "integrity": "sha512-iRDPJKUPVEND7dHPO8rkbOnPpyDygcDFtWjpeWNCgy8WP2rXcxXL8TskReQl6OrB2G7+UJrags1q15Fudc7G6w==",
            "dev": true,
            "dependencies": {
                "path-key": "^3.1.0",
                "shebang-command": "^2.0.0",
                "which": "^2.0.1"
            },
            "engines": {
                "node": ">= 8"
            }
        },
        "node_modules/dotenv": {
            "version": "8.2.0",
            "resolved": "https://registry.npmjs.org/dotenv/-/dotenv-8.2.0.tgz",
            "integrity": "sha512-8sJ78ElpbDJBHNeBzUbUVLsqKdccaa/BXF1uPTw3GrvQTBgrQrtObr2mUrE38vzYd8cEv+m/JBfDLioYcfXoaw==",
            "engines": {
                "node": ">=8"
            }
        },
        "node_modules/duplexer": {
            "version": "0.1.2",
            "resolved": "https://registry.npmjs.org/duplexer/-/duplexer-0.1.2.tgz",
            "integrity": "sha512-jtD6YG370ZCIi/9GTaJKQxWTZD045+4R4hTk/x1UyoqadyJ9x9CgSi1RlVDQF8U2sxLLSnFkCaMihqljHIWgMg==",
            "dev": true
        },
        "node_modules/event-stream": {
            "version": "3.3.4",
            "resolved": "https://registry.npmjs.org/event-stream/-/event-stream-3.3.4.tgz",
            "integrity": "sha1-SrTJoPWlTbkzi0w02Gv86PSzVXE=",
            "dev": true,
            "dependencies": {
                "duplexer": "~0.1.1",
                "from": "~0",
                "map-stream": "~0.1.0",
                "pause-stream": "0.0.11",
                "split": "0.3",
                "stream-combiner": "~0.0.4",
                "through": "~2.3.1"
            }
        },
        "node_modules/from": {
            "version": "0.1.7",
            "resolved": "https://registry.npmjs.org/from/-/from-0.1.7.tgz",
            "integrity": "sha1-g8YK/Fi5xWmXAH7Rp2izqzA6RP4=",
            "dev": true
        },
        "node_modules/isexe": {
            "version": "2.0.0",
            "resolved": "https://registry.npmjs.org/isexe/-/isexe-2.0.0.tgz",
            "integrity": "sha1-6PvzdNxVb/iUehDcsFctYz8s+hA=",
            "dev": true
        },
        "node_modules/map-stream": {
            "version": "0.1.0",
            "resolved": "https://registry.npmjs.org/map-stream/-/map-stream-0.1.0.tgz",
            "integrity": "sha1-5WqpTEyAVaFkBKBnS3jyFffI4ZQ=",
            "dev": true
        },
        "node_modules/node-cleanup": {
            "version": "2.1.2",
            "resolved": "https://registry.npmjs.org/node-cleanup/-/node-cleanup-2.1.2.tgz",
            "integrity": "sha1-esGavSl+Caf3KnFUXZUbUX5N3iw=",
            "dev": true
        },
        "node_modules/onion-lasers": {
            "resolved": "..",
            "link": true
        },
        "node_modules/path-key": {
            "version": "3.1.1",
            "resolved": "https://registry.npmjs.org/path-key/-/path-key-3.1.1.tgz",
            "integrity": "sha512-ojmeN0qd+y0jszEtoY48r0Peq5dwMEkIlCOu6Q5f41lfkswXuKtYrhgoTpLnyIcHm24Uhqx+5Tqm2InSwLhE6Q==",
            "dev": true,
            "engines": {
                "node": ">=8"
            }
        },
        "node_modules/pause-stream": {
            "version": "0.0.11",
            "resolved": "https://registry.npmjs.org/pause-stream/-/pause-stream-0.0.11.tgz",
            "integrity": "sha1-/lo0sMvOErWqaitAPuLnO2AvFEU=",
            "dev": true,
            "dependencies": {
                "through": "~2.3"
            }
        },
        "node_modules/ps-tree": {
            "version": "1.2.0",
            "resolved": "https://registry.npmjs.org/ps-tree/-/ps-tree-1.2.0.tgz",
            "integrity": "sha512-0VnamPPYHl4uaU/nSFeZZpR21QAWRz+sRv4iW9+v/GS/J5U5iZB5BNN6J0RMoOvdx2gWM2+ZFMIm58q24e4UYA==",
            "dev": true,
            "dependencies": {
                "event-stream": "=3.3.4"
            },
            "bin": {
                "ps-tree": "bin/ps-tree.js"
            },
            "engines": {
                "node": ">= 0.10"
            }
        },
        "node_modules/shebang-command": {
            "version": "2.0.0",
            "resolved": "https://registry.npmjs.org/shebang-command/-/shebang-command-2.0.0.tgz",
            "integrity": "sha512-kHxr2zZpYtdmrN1qDjrrX/Z1rR1kG8Dx+gkpK1G4eXmvXswmcE1hTWBWYUzlraYw1/yZp6YuDY77YtvbN0dmDA==",
            "dev": true,
            "dependencies": {
                "shebang-regex": "^3.0.0"
            },
            "engines": {
                "node": ">=8"
            }
        },
        "node_modules/shebang-regex": {
            "version": "3.0.0",
            "resolved": "https://registry.npmjs.org/shebang-regex/-/shebang-regex-3.0.0.tgz",
            "integrity": "sha512-7++dFhtcx3353uBaq8DDR4NuxBetBzC7ZQOhmTQInHEd6bSrXdiEyzCvG07Z44UYdLShWUyXt5M/yhz8ekcb1A==",
            "dev": true,
            "engines": {
                "node": ">=8"
            }
        },
        "node_modules/split": {
            "version": "0.3.3",
            "resolved": "https://registry.npmjs.org/split/-/split-0.3.3.tgz",
            "integrity": "sha1-zQ7qXmOiEd//frDwkcQTPi0N0o8=",
            "dev": true,
            "dependencies": {
                "through": "2"
            },
            "engines": {
                "node": "*"
            }
        },
        "node_modules/stream-combiner": {
            "version": "0.0.4",
            "resolved": "https://registry.npmjs.org/stream-combiner/-/stream-combiner-0.0.4.tgz",
            "integrity": "sha1-TV5DPBhSYd3mI8o/RMWGvPXErRQ=",
            "dev": true,
            "dependencies": {
                "duplexer": "~0.1.1"
            }
        },
        "node_modules/string-argv": {
            "version": "0.1.2",
            "resolved": "https://registry.npmjs.org/string-argv/-/string-argv-0.1.2.tgz",
            "integrity": "sha512-mBqPGEOMNJKXRo7z0keX0wlAhbBAjilUdPW13nN0PecVryZxdHIeM7TqbsSUA7VYuS00HGC6mojP7DlQzfa9ZA==",
            "dev": true,
            "engines": {
                "node": ">=0.6.19"
            }
        },
        "node_modules/strip-ansi": {
            "version": "6.0.0",
            "resolved": "https://registry.npmjs.org/strip-ansi/-/strip-ansi-6.0.0.tgz",
            "integrity": "sha512-AuvKTrTfQNYNIctbR1K/YGTR1756GycPsg7b9bdV9Duqur4gv6aKqHXah67Z8ImS7WEz5QVcOtlfW2rZEugt6w==",
            "dev": true,
            "dependencies": {
                "ansi-regex": "^5.0.0"
            },
            "engines": {
                "node": ">=8"
            }
        },
        "node_modules/through": {
            "version": "2.3.8",
            "resolved": "https://registry.npmjs.org/through/-/through-2.3.8.tgz",
            "integrity": "sha1-DdTJ/6q8NXlgsbckEV1+Doai4fU=",
            "dev": true
        },
        "node_modules/tsc-watch": {
            "version": "4.2.9",
            "resolved": "https://registry.npmjs.org/tsc-watch/-/tsc-watch-4.2.9.tgz",
            "integrity": "sha512-DlTaoDs74+KUpyWr7dCGhuscAUKCz6CiFduBN7R9RbLJSSN1moWdwoCLASE7+zLgGvV5AwXfYDiEMAsPGaO+Vw==",
            "dev": true,
            "dependencies": {
                "cross-spawn": "^7.0.3",
                "node-cleanup": "^2.1.2",
                "ps-tree": "^1.2.0",
                "string-argv": "^0.1.1",
                "strip-ansi": "^6.0.0"
            },
            "bin": {
                "tsc-watch": "index.js"
            },
            "engines": {
                "node": ">=8.17.0"
            },
            "peerDependencies": {
                "typescript": "*"
            }
        },
        "node_modules/typescript": {
            "version": "4.2.4",
            "resolved": "https://registry.npmjs.org/typescript/-/typescript-4.2.4.tgz",
            "integrity": "sha512-V+evlYHZnQkaz8TRBuxTA92yZBPotr5H+WhQ7bD3hZUndx5tGOa1fuCgeSjxAzM1RiN5IzvadIXTVefuuwZCRg==",
            "dev": true,
            "peer": true,
            "bin": {
                "tsc": "bin/tsc",
                "tsserver": "bin/tsserver"
            },
            "engines": {
                "node": ">=4.2.0"
            }
        },
        "node_modules/which": {
            "version": "2.0.2",
            "resolved": "https://registry.npmjs.org/which/-/which-2.0.2.tgz",
            "integrity": "sha512-BLI3Tl1TW3Pvl70l3yq3Y64i+awpwXqsGBYWkkqMtnbXgrMD+yj7rhW0kuEDxzJaYXGjEW5ogapKNMEKNMjibA==",
            "dev": true,
            "dependencies": {
                "isexe": "^2.0.0"
            },
            "bin": {
                "node-which": "bin/node-which"
            },
            "engines": {
                "node": ">= 8"
            }
        }
    },
    "dependencies": {
        "ansi-regex": {
            "version": "5.0.0",
            "resolved": "https://registry.npmjs.org/ansi-regex/-/ansi-regex-5.0.0.tgz",
            "integrity": "sha512-bY6fj56OUQ0hU1KjFNDQuJFezqKdrAyFdIevADiqrWHwSlbmBNMHp5ak2f40Pm8JTFyM2mqxkG6ngkHO11f/lg==",
            "dev": true
        },
        "cross-spawn": {
            "version": "7.0.3",
            "resolved": "https://registry.npmjs.org/cross-spawn/-/cross-spawn-7.0.3.tgz",
            "integrity": "sha512-iRDPJKUPVEND7dHPO8rkbOnPpyDygcDFtWjpeWNCgy8WP2rXcxXL8TskReQl6OrB2G7+UJrags1q15Fudc7G6w==",
            "dev": true,
            "requires": {
                "path-key": "^3.1.0",
                "shebang-command": "^2.0.0",
                "which": "^2.0.1"
            }
        },
        "dotenv": {
            "version": "8.2.0",
            "resolved": "https://registry.npmjs.org/dotenv/-/dotenv-8.2.0.tgz",
            "integrity": "sha512-8sJ78ElpbDJBHNeBzUbUVLsqKdccaa/BXF1uPTw3GrvQTBgrQrtObr2mUrE38vzYd8cEv+m/JBfDLioYcfXoaw=="
        },
        "duplexer": {
            "version": "0.1.2",
            "resolved": "https://registry.npmjs.org/duplexer/-/duplexer-0.1.2.tgz",
            "integrity": "sha512-jtD6YG370ZCIi/9GTaJKQxWTZD045+4R4hTk/x1UyoqadyJ9x9CgSi1RlVDQF8U2sxLLSnFkCaMihqljHIWgMg==",
            "dev": true
        },
        "event-stream": {
            "version": "3.3.4",
            "resolved": "https://registry.npmjs.org/event-stream/-/event-stream-3.3.4.tgz",
            "integrity": "sha1-SrTJoPWlTbkzi0w02Gv86PSzVXE=",
            "dev": true,
            "requires": {
                "duplexer": "~0.1.1",
                "from": "~0",
                "map-stream": "~0.1.0",
                "pause-stream": "0.0.11",
                "split": "0.3",
                "stream-combiner": "~0.0.4",
                "through": "~2.3.1"
            }
        },
        "from": {
            "version": "0.1.7",
            "resolved": "https://registry.npmjs.org/from/-/from-0.1.7.tgz",
            "integrity": "sha1-g8YK/Fi5xWmXAH7Rp2izqzA6RP4=",
            "dev": true
        },
        "isexe": {
            "version": "2.0.0",
            "resolved": "https://registry.npmjs.org/isexe/-/isexe-2.0.0.tgz",
            "integrity": "sha1-6PvzdNxVb/iUehDcsFctYz8s+hA=",
            "dev": true
        },
        "map-stream": {
            "version": "0.1.0",
            "resolved": "https://registry.npmjs.org/map-stream/-/map-stream-0.1.0.tgz",
            "integrity": "sha1-5WqpTEyAVaFkBKBnS3jyFffI4ZQ=",
            "dev": true
        },
        "node-cleanup": {
            "version": "2.1.2",
            "resolved": "https://registry.npmjs.org/node-cleanup/-/node-cleanup-2.1.2.tgz",
            "integrity": "sha1-esGavSl+Caf3KnFUXZUbUX5N3iw=",
            "dev": true
        },
        "onion-lasers": {
            "version": "file:..",
            "requires": {
                "@types/glob": "^7.1.3",
                "@types/mocha": "^8.0.3",
                "@types/node": "^14.6.4",
                "@types/ws": "^7.2.6",
                "discord.js": "^12.5.3",
                "glob": "^7.1.6",
                "husky": "^6.0.0",
                "mocha": "^8.1.3",
                "prettier": "^2.2.1",
                "ts-node": "^9.0.0",
                "typescript": "^4.0.2"
            }
        },
        "path-key": {
            "version": "3.1.1",
            "resolved": "https://registry.npmjs.org/path-key/-/path-key-3.1.1.tgz",
            "integrity": "sha512-ojmeN0qd+y0jszEtoY48r0Peq5dwMEkIlCOu6Q5f41lfkswXuKtYrhgoTpLnyIcHm24Uhqx+5Tqm2InSwLhE6Q==",
            "dev": true
        },
        "pause-stream": {
            "version": "0.0.11",
            "resolved": "https://registry.npmjs.org/pause-stream/-/pause-stream-0.0.11.tgz",
            "integrity": "sha1-/lo0sMvOErWqaitAPuLnO2AvFEU=",
            "dev": true,
            "requires": {
                "through": "~2.3"
            }
        },
        "ps-tree": {
            "version": "1.2.0",
            "resolved": "https://registry.npmjs.org/ps-tree/-/ps-tree-1.2.0.tgz",
            "integrity": "sha512-0VnamPPYHl4uaU/nSFeZZpR21QAWRz+sRv4iW9+v/GS/J5U5iZB5BNN6J0RMoOvdx2gWM2+ZFMIm58q24e4UYA==",
            "dev": true,
            "requires": {
                "event-stream": "=3.3.4"
            }
        },
        "shebang-command": {
            "version": "2.0.0",
            "resolved": "https://registry.npmjs.org/shebang-command/-/shebang-command-2.0.0.tgz",
            "integrity": "sha512-kHxr2zZpYtdmrN1qDjrrX/Z1rR1kG8Dx+gkpK1G4eXmvXswmcE1hTWBWYUzlraYw1/yZp6YuDY77YtvbN0dmDA==",
            "dev": true,
            "requires": {
                "shebang-regex": "^3.0.0"
            }
        },
        "shebang-regex": {
            "version": "3.0.0",
            "resolved": "https://registry.npmjs.org/shebang-regex/-/shebang-regex-3.0.0.tgz",
            "integrity": "sha512-7++dFhtcx3353uBaq8DDR4NuxBetBzC7ZQOhmTQInHEd6bSrXdiEyzCvG07Z44UYdLShWUyXt5M/yhz8ekcb1A==",
            "dev": true
        },
        "split": {
            "version": "0.3.3",
            "resolved": "https://registry.npmjs.org/split/-/split-0.3.3.tgz",
            "integrity": "sha1-zQ7qXmOiEd//frDwkcQTPi0N0o8=",
            "dev": true,
            "requires": {
                "through": "2"
            }
        },
        "stream-combiner": {
            "version": "0.0.4",
            "resolved": "https://registry.npmjs.org/stream-combiner/-/stream-combiner-0.0.4.tgz",
            "integrity": "sha1-TV5DPBhSYd3mI8o/RMWGvPXErRQ=",
            "dev": true,
            "requires": {
                "duplexer": "~0.1.1"
            }
        },
        "string-argv": {
            "version": "0.1.2",
            "resolved": "https://registry.npmjs.org/string-argv/-/string-argv-0.1.2.tgz",
            "integrity": "sha512-mBqPGEOMNJKXRo7z0keX0wlAhbBAjilUdPW13nN0PecVryZxdHIeM7TqbsSUA7VYuS00HGC6mojP7DlQzfa9ZA==",
            "dev": true
        },
        "strip-ansi": {
            "version": "6.0.0",
            "resolved": "https://registry.npmjs.org/strip-ansi/-/strip-ansi-6.0.0.tgz",
            "integrity": "sha512-AuvKTrTfQNYNIctbR1K/YGTR1756GycPsg7b9bdV9Duqur4gv6aKqHXah67Z8ImS7WEz5QVcOtlfW2rZEugt6w==",
            "dev": true,
            "requires": {
                "ansi-regex": "^5.0.0"
            }
        },
        "through": {
            "version": "2.3.8",
            "resolved": "https://registry.npmjs.org/through/-/through-2.3.8.tgz",
            "integrity": "sha1-DdTJ/6q8NXlgsbckEV1+Doai4fU=",
            "dev": true
        },
        "tsc-watch": {
            "version": "4.2.9",
            "resolved": "https://registry.npmjs.org/tsc-watch/-/tsc-watch-4.2.9.tgz",
            "integrity": "sha512-DlTaoDs74+KUpyWr7dCGhuscAUKCz6CiFduBN7R9RbLJSSN1moWdwoCLASE7+zLgGvV5AwXfYDiEMAsPGaO+Vw==",
            "dev": true,
            "requires": {
                "cross-spawn": "^7.0.3",
                "node-cleanup": "^2.1.2",
                "ps-tree": "^1.2.0",
                "string-argv": "^0.1.1",
                "strip-ansi": "^6.0.0"
            }
        },
        "typescript": {
            "version": "4.2.4",
            "resolved": "https://registry.npmjs.org/typescript/-/typescript-4.2.4.tgz",
            "integrity": "sha512-V+evlYHZnQkaz8TRBuxTA92yZBPotr5H+WhQ7bD3hZUndx5tGOa1fuCgeSjxAzM1RiN5IzvadIXTVefuuwZCRg==",
            "dev": true,
            "peer": true
        },
        "which": {
            "version": "2.0.2",
            "resolved": "https://registry.npmjs.org/which/-/which-2.0.2.tgz",
            "integrity": "sha512-BLI3Tl1TW3Pvl70l3yq3Y64i+awpwXqsGBYWkkqMtnbXgrMD+yj7rhW0kuEDxzJaYXGjEW5ogapKNMEKNMjibA==",
            "dev": true,
            "requires": {
                "isexe": "^2.0.0"
            }
        }
    }
}
